
Microsoft Visual Studio Solution File, Format Version 12.00
# Visual Studio 15
VisualStudioVersion = 15.0.26228.9
MinimumVisualStudioVersion = 10.0.40219.1
Project("{FAE04EC0-301F-11D3-BF4B-00C04F79EFBC}") = "PlantDB.Android", "PlantDB\PlantDB.Android\PlantDB.Android.csproj", "{E5526F82-5D8E-4F54-86D0-D8310BB55B8E}"
EndProject
Project("{FAE04EC0-301F-11D3-BF4B-00C04F79EFBC}") = "PlantDB", "PlantDB\PlantDB\PlantDB.csproj", "{572A2D1A-A664-42B8-9E51-0345F57499D0}"
EndProject
Project("{FAE04EC0-301F-11D3-BF4B-00C04F79EFBC}") = "PlantDB.UWP", "PlantDB\PlantDB.UWP\PlantDB.UWP.csproj", "{FFB334F3-E454-455B-A3E6-F5B545799B04}"
EndProject
Project("{FAE04EC0-301F-11D3-BF4B-00C04F79EFBC}") = "PlantDB.iOS", "PlantDB\PlantDB.iOS\PlantDB.iOS.csproj", "{35398B07-123C-4EEF-97F4-6C7754EB0913}"
EndProject
Global
	GlobalSection(SolutionConfigurationPlatforms) = preSolution
		Ad-Hoc|Any CPU = Ad-Hoc|Any CPU
		Ad-Hoc|ARM = Ad-Hoc|ARM
		Ad-Hoc|iPhone = Ad-Hoc|iPhone
		Ad-Hoc|iPhoneSimulator = Ad-Hoc|iPhoneSimulator
		Ad-Hoc|x64 = Ad-Hoc|x64
		Ad-Hoc|x86 = Ad-Hoc|x86
		AppStore|Any CPU = AppStore|Any CPU
		AppStore|ARM = AppStore|ARM
		AppStore|iPhone = AppStore|iPhone
		AppStore|iPhoneSimulator = AppStore|iPhoneSimulator
		AppStore|x64 = AppStore|x64
		AppStore|x86 = AppStore|x86
		Debug|Any CPU = Debug|Any CPU
		Debug|ARM = Debug|ARM
		Debug|iPhone = Debug|iPhone
		Debug|iPhoneSimulator = Debug|iPhoneSimulator
		Debug|x64 = Debug|x64
		Debug|x86 = Debug|x86
		Release|Any CPU = Release|Any CPU
		Release|ARM = Release|ARM
		Release|iPhone = Release|iPhone
		Release|iPhoneSimulator = Release|iPhoneSimulator
		Release|x64 = Release|x64
		Release|x86 = Release|x86
	EndGlobalSection
	GlobalSection(ProjectConfigurationPlatforms) = postSolution
		{E5526F82-5D8E-4F54-86D0-D8310BB55B8E}.Ad-Hoc|Any CPU.ActiveCfg = Release|Any CPU
		{E5526F82-5D8E-4F54-86D0-D8310BB55B8E}.Ad-Hoc|Any CPU.Build.0 = Release|Any CPU
		{E5526F82-5D8E-4F54-86D0-D8310BB55B8E}.Ad-Hoc|Any CPU.Deploy.0 = Release|Any CPU
		{E5526F82-5D8E-4F54-86D0-D8310BB55B8E}.Ad-Hoc|ARM.ActiveCfg = Release|Any CPU
		{E5526F82-5D8E-4F54-86D0-D8310BB55B8E}.Ad-Hoc|ARM.Build.0 = Release|Any CPU
		{E5526F82-5D8E-4F54-86D0-D8310BB55B8E}.Ad-Hoc|ARM.Deploy.0 = Release|Any CPU
		{E5526F82-5D8E-4F54-86D0-D8310BB55B8E}.Ad-Hoc|iPhone.ActiveCfg = Release|Any CPU
		{E5526F82-5D8E-4F54-86D0-D8310BB55B8E}.Ad-Hoc|iPhone.Build.0 = Release|Any CPU
		{E5526F82-5D8E-4F54-86D0-D8310BB55B8E}.Ad-Hoc|iPhone.Deploy.0 = Release|Any CPU
		{E5526F82-5D8E-4F54-86D0-D8310BB55B8E}.Ad-Hoc|iPhoneSimulator.ActiveCfg = Release|Any CPU
		{E5526F82-5D8E-4F54-86D0-D8310BB55B8E}.Ad-Hoc|iPhoneSimulator.Build.0 = Release|Any CPU
		{E5526F82-5D8E-4F54-86D0-D8310BB55B8E}.Ad-Hoc|iPhoneSimulator.Deploy.0 = Release|Any CPU
		{E5526F82-5D8E-4F54-86D0-D8310BB55B8E}.Ad-Hoc|x64.ActiveCfg = Release|Any CPU
		{E5526F82-5D8E-4F54-86D0-D8310BB55B8E}.Ad-Hoc|x64.Build.0 = Release|Any CPU
		{E5526F82-5D8E-4F54-86D0-D8310BB55B8E}.Ad-Hoc|x64.Deploy.0 = Release|Any CPU
		{E5526F82-5D8E-4F54-86D0-D8310BB55B8E}.Ad-Hoc|x86.ActiveCfg = Release|Any CPU
		{E5526F82-5D8E-4F54-86D0-D8310BB55B8E}.Ad-Hoc|x86.Build.0 = Release|Any CPU
		{E5526F82-5D8E-4F54-86D0-D8310BB55B8E}.Ad-Hoc|x86.Deploy.0 = Release|Any CPU
		{E5526F82-5D8E-4F54-86D0-D8310BB55B8E}.AppStore|Any CPU.ActiveCfg = Release|Any CPU
		{E5526F82-5D8E-4F54-86D0-D8310BB55B8E}.AppStore|Any CPU.Build.0 = Release|Any CPU
		{E5526F82-5D8E-4F54-86D0-D8310BB55B8E}.AppStore|Any CPU.Deploy.0 = Release|Any CPU
		{E5526F82-5D8E-4F54-86D0-D8310BB55B8E}.AppStore|ARM.ActiveCfg = Release|Any CPU
		{E5526F82-5D8E-4F54-86D0-D8310BB55B8E}.AppStore|ARM.Build.0 = Release|Any CPU
		{E5526F82-5D8E-4F54-86D0-D8310BB55B8E}.AppStore|ARM.Deploy.0 = Release|Any CPU
		{E5526F82-5D8E-4F54-86D0-D8310BB55B8E}.AppStore|iPhone.ActiveCfg = Release|Any CPU
		{E5526F82-5D8E-4F54-86D0-D8310BB55B8E}.AppStore|iPhone.Build.0 = Release|Any CPU
		{E5526F82-5D8E-4F54-86D0-D8310BB55B8E}.AppStore|iPhone.Deploy.0 = Release|Any CPU
		{E5526F82-5D8E-4F54-86D0-D8310BB55B8E}.AppStore|iPhoneSimulator.ActiveCfg = Release|Any CPU
		{E5526F82-5D8E-4F54-86D0-D8310BB55B8E}.AppStore|iPhoneSimulator.Build.0 = Release|Any CPU
		{E5526F82-5D8E-4F54-86D0-D8310BB55B8E}.AppStore|iPhoneSimulator.Deploy.0 = Release|Any CPU
		{E5526F82-5D8E-4F54-86D0-D8310BB55B8E}.AppStore|x64.ActiveCfg = Release|Any CPU
		{E5526F82-5D8E-4F54-86D0-D8310BB55B8E}.AppStore|x64.Build.0 = Release|Any CPU
		{E5526F82-5D8E-4F54-86D0-D8310BB55B8E}.AppStore|x64.Deploy.0 = Release|Any CPU
		{E5526F82-5D8E-4F54-86D0-D8310BB55B8E}.AppStore|x86.ActiveCfg = Release|Any CPU
		{E5526F82-5D8E-4F54-86D0-D8310BB55B8E}.AppStore|x86.Build.0 = Release|Any CPU
		{E5526F82-5D8E-4F54-86D0-D8310BB55B8E}.AppStore|x86.Deploy.0 = Release|Any CPU
		{E5526F82-5D8E-4F54-86D0-D8310BB55B8E}.Debug|Any CPU.ActiveCfg = Debug|Any CPU
		{E5526F82-5D8E-4F54-86D0-D8310BB55B8E}.Debug|Any CPU.Build.0 = Debug|Any CPU
		{E5526F82-5D8E-4F54-86D0-D8310BB55B8E}.Debug|Any CPU.Deploy.0 = Debug|Any CPU
		{E5526F82-5D8E-4F54-86D0-D8310BB55B8E}.Debug|ARM.ActiveCfg = Debug|Any CPU
		{E5526F82-5D8E-4F54-86D0-D8310BB55B8E}.Debug|ARM.Build.0 = Debug|Any CPU
		{E5526F82-5D8E-4F54-86D0-D8310BB55B8E}.Debug|ARM.Deploy.0 = Debug|Any CPU
		{E5526F82-5D8E-4F54-86D0-D8310BB55B8E}.Debug|iPhone.ActiveCfg = Debug|Any CPU
		{E5526F82-5D8E-4F54-86D0-D8310BB55B8E}.Debug|iPhone.Build.0 = Debug|Any CPU
		{E5526F82-5D8E-4F54-86D0-D8310BB55B8E}.Debug|iPhone.Deploy.0 = Debug|Any CPU
		{E5526F82-5D8E-4F54-86D0-D8310BB55B8E}.Debug|iPhoneSimulator.ActiveCfg = Debug|Any CPU
		{E5526F82-5D8E-4F54-86D0-D8310BB55B8E}.Debug|iPhoneSimulator.Build.0 = Debug|Any CPU
		{E5526F82-5D8E-4F54-86D0-D8310BB55B8E}.Debug|iPhoneSimulator.Deploy.0 = Debug|Any CPU
		{E5526F82-5D8E-4F54-86D0-D8310BB55B8E}.Debug|x64.ActiveCfg = Debug|Any CPU
		{E5526F82-5D8E-4F54-86D0-D8310BB55B8E}.Debug|x64.Build.0 = Debug|Any CPU
		{E5526F82-5D8E-4F54-86D0-D8310BB55B8E}.Debug|x64.Deploy.0 = Debug|Any CPU
		{E5526F82-5D8E-4F54-86D0-D8310BB55B8E}.Debug|x86.ActiveCfg = Debug|Any CPU
		{E5526F82-5D8E-4F54-86D0-D8310BB55B8E}.Debug|x86.Build.0 = Debug|Any CPU
		{E5526F82-5D8E-4F54-86D0-D8310BB55B8E}.Debug|x86.Deploy.0 = Debug|Any CPU
		{E5526F82-5D8E-4F54-86D0-D8310BB55B8E}.Release|Any CPU.ActiveCfg = Release|Any CPU
		{E5526F82-5D8E-4F54-86D0-D8310BB55B8E}.Release|Any CPU.Build.0 = Release|Any CPU
		{E5526F82-5D8E-4F54-86D0-D8310BB55B8E}.Release|Any CPU.Deploy.0 = Release|Any CPU
		{E5526F82-5D8E-4F54-86D0-D8310BB55B8E}.Release|ARM.ActiveCfg = Release|Any CPU
		{E5526F82-5D8E-4F54-86D0-D8310BB55B8E}.Release|ARM.Build.0 = Release|Any CPU
		{E5526F82-5D8E-4F54-86D0-D8310BB55B8E}.Release|ARM.Deploy.0 = Release|Any CPU
		{E5526F82-5D8E-4F54-86D0-D8310BB55B8E}.Release|iPhone.ActiveCfg = Release|Any CPU
		{E5526F82-5D8E-4F54-86D0-D8310BB55B8E}.Release|iPhone.Build.0 = Release|Any CPU
		{E5526F82-5D8E-4F54-86D0-D8310BB55B8E}.Release|iPhone.Deploy.0 = Release|Any CPU
		{E5526F82-5D8E-4F54-86D0-D8310BB55B8E}.Release|iPhoneSimulator.ActiveCfg = Release|Any CPU
		{E5526F82-5D8E-4F54-86D0-D8310BB55B8E}.Release|iPhoneSimulator.Build.0 = Release|Any CPU
		{E5526F82-5D8E-4F54-86D0-D8310BB55B8E}.Release|iPhoneSimulator.Deploy.0 = Release|Any CPU
		{E5526F82-5D8E-4F54-86D0-D8310BB55B8E}.Release|x64.ActiveCfg = Release|Any CPU
		{E5526F82-5D8E-4F54-86D0-D8310BB55B8E}.Release|x64.Build.0 = Release|Any CPU
		{E5526F82-5D8E-4F54-86D0-D8310BB55B8E}.Release|x64.Deploy.0 = Release|Any CPU
		{E5526F82-5D8E-4F54-86D0-D8310BB55B8E}.Release|x86.ActiveCfg = Release|Any CPU
		{E5526F82-5D8E-4F54-86D0-D8310BB55B8E}.Release|x86.Build.0 = Release|Any CPU
		{E5526F82-5D8E-4F54-86D0-D8310BB55B8E}.Release|x86.Deploy.0 = Release|Any CPU
		{572A2D1A-A664-42B8-9E51-0345F57499D0}.Ad-Hoc|Any CPU.ActiveCfg = Release|Any CPU
		{572A2D1A-A664-42B8-9E51-0345F57499D0}.Ad-Hoc|Any CPU.Build.0 = Release|Any CPU
		{572A2D1A-A664-42B8-9E51-0345F57499D0}.Ad-Hoc|ARM.ActiveCfg = Release|Any CPU
		{572A2D1A-A664-42B8-9E51-0345F57499D0}.Ad-Hoc|ARM.Build.0 = Release|Any CPU
		{572A2D1A-A664-42B8-9E51-0345F57499D0}.Ad-Hoc|iPhone.ActiveCfg = Release|Any CPU
		{572A2D1A-A664-42B8-9E51-0345F57499D0}.Ad-Hoc|iPhone.Build.0 = Release|Any CPU
		{572A2D1A-A664-42B8-9E51-0345F57499D0}.Ad-Hoc|iPhoneSimulator.ActiveCfg = Release|Any CPU
		{572A2D1A-A664-42B8-9E51-0345F57499D0}.Ad-Hoc|iPhoneSimulator.Build.0 = Release|Any CPU
		{572A2D1A-A664-42B8-9E51-0345F57499D0}.Ad-Hoc|x64.ActiveCfg = Release|Any CPU
		{572A2D1A-A664-42B8-9E51-0345F57499D0}.Ad-Hoc|x64.Build.0 = Release|Any CPU
		{572A2D1A-A664-42B8-9E51-0345F57499D0}.Ad-Hoc|x86.ActiveCfg = Release|Any CPU
		{572A2D1A-A664-42B8-9E51-0345F57499D0}.Ad-Hoc|x86.Build.0 = Release|Any CPU
		{572A2D1A-A664-42B8-9E51-0345F57499D0}.AppStore|Any CPU.ActiveCfg = Release|Any CPU
		{572A2D1A-A664-42B8-9E51-0345F57499D0}.AppStore|Any CPU.Build.0 = Release|Any CPU
		{572A2D1A-A664-42B8-9E51-0345F57499D0}.AppStore|ARM.ActiveCfg = Release|Any CPU
		{572A2D1A-A664-42B8-9E51-0345F57499D0}.AppStore|ARM.Build.0 = Release|Any CPU
		{572A2D1A-A664-42B8-9E51-0345F57499D0}.AppStore|iPhone.ActiveCfg = Release|Any CPU
		{572A2D1A-A664-42B8-9E51-0345F57499D0}.AppStore|iPhone.Build.0 = Release|Any CPU
		{572A2D1A-A664-42B8-9E51-0345F57499D0}.AppStore|iPhoneSimulator.ActiveCfg = Release|Any CPU
		{572A2D1A-A664-42B8-9E51-0345F57499D0}.AppStore|iPhoneSimulator.Build.0 = Release|Any CPU
		{572A2D1A-A664-42B8-9E51-0345F57499D0}.AppStore|x64.ActiveCfg = Release|Any CPU
		{572A2D1A-A664-42B8-9E51-0345F57499D0}.AppStore|x64.Build.0 = Release|Any CPU
		{572A2D1A-A664-42B8-9E51-0345F57499D0}.AppStore|x86.ActiveCfg = Release|Any CPU
		{572A2D1A-A664-42B8-9E51-0345F57499D0}.AppStore|x86.Build.0 = Release|Any CPU
		{572A2D1A-A664-42B8-9E51-0345F57499D0}.Debug|Any CPU.ActiveCfg = Debug|Any CPU
		{572A2D1A-A664-42B8-9E51-0345F57499D0}.Debug|Any CPU.Build.0 = Debug|Any CPU
		{572A2D1A-A664-42B8-9E51-0345F57499D0}.Debug|ARM.ActiveCfg = Debug|Any CPU
		{572A2D1A-A664-42B8-9E51-0345F57499D0}.Debug|ARM.Build.0 = Debug|Any CPU
		{572A2D1A-A664-42B8-9E51-0345F57499D0}.Debug|iPhone.ActiveCfg = Debug|Any CPU
		{572A2D1A-A664-42B8-9E51-0345F57499D0}.Debug|iPhone.Build.0 = Debug|Any CPU
		{572A2D1A-A664-42B8-9E51-0345F57499D0}.Debug|iPhoneSimulator.ActiveCfg = Debug|Any CPU
		{572A2D1A-A664-42B8-9E51-0345F57499D0}.Debug|iPhoneSimulator.Build.0 = Debug|Any CPU
		{572A2D1A-A664-42B8-9E51-0345F57499D0}.Debug|x64.ActiveCfg = Debug|Any CPU
		{572A2D1A-A664-42B8-9E51-0345F57499D0}.Debug|x64.Build.0 = Debug|Any CPU
		{572A2D1A-A664-42B8-9E51-0345F57499D0}.Debug|x86.ActiveCfg = Debug|Any CPU
		{572A2D1A-A664-42B8-9E51-0345F57499D0}.Debug|x86.Build.0 = Debug|Any CPU
		{572A2D1A-A664-42B8-9E51-0345F57499D0}.Release|Any CPU.ActiveCfg = Release|Any CPU
		{572A2D1A-A664-42B8-9E51-0345F57499D0}.Release|Any CPU.Build.0 = Release|Any CPU
		{572A2D1A-A664-42B8-9E51-0345F57499D0}.Release|ARM.ActiveCfg = Release|Any CPU
		{572A2D1A-A664-42B8-9E51-0345F57499D0}.Release|ARM.Build.0 = Release|Any CPU
		{572A2D1A-A664-42B8-9E51-0345F57499D0}.Release|iPhone.ActiveCfg = Release|Any CPU
		{572A2D1A-A664-42B8-9E51-0345F57499D0}.Release|iPhone.Build.0 = Release|Any CPU
		{572A2D1A-A664-42B8-9E51-0345F57499D0}.Release|iPhoneSimulator.ActiveCfg = Release|Any CPU
		{572A2D1A-A664-42B8-9E51-0345F57499D0}.Release|iPhoneSimulator.Build.0 = Release|Any CPU
		{572A2D1A-A664-42B8-9E51-0345F57499D0}.Release|x64.ActiveCfg = Release|Any CPU
		{572A2D1A-A664-42B8-9E51-0345F57499D0}.Release|x64.Build.0 = Release|Any CPU
		{572A2D1A-A664-42B8-9E51-0345F57499D0}.Release|x86.ActiveCfg = Release|Any CPU
		{572A2D1A-A664-42B8-9E51-0345F57499D0}.Release|x86.Build.0 = Release|Any CPU
		{FFB334F3-E454-455B-A3E6-F5B545799B04}.Ad-Hoc|Any CPU.ActiveCfg = Release|x86
		{FFB334F3-E454-455B-A3E6-F5B545799B04}.Ad-Hoc|Any CPU.Build.0 = Release|x86
		{FFB334F3-E454-455B-A3E6-F5B545799B04}.Ad-Hoc|Any CPU.Deploy.0 = Release|x86
		{FFB334F3-E454-455B-A3E6-F5B545799B04}.Ad-Hoc|ARM.ActiveCfg = Release|ARM
		{FFB334F3-E454-455B-A3E6-F5B545799B04}.Ad-Hoc|ARM.Build.0 = Release|ARM
		{FFB334F3-E454-455B-A3E6-F5B545799B04}.Ad-Hoc|ARM.Deploy.0 = Release|ARM
		{FFB334F3-E454-455B-A3E6-F5B545799B04}.Ad-Hoc|iPhone.ActiveCfg = Release|x86
		{FFB334F3-E454-455B-A3E6-F5B545799B04}.Ad-Hoc|iPhone.Build.0 = Release|x86
		{FFB334F3-E454-455B-A3E6-F5B545799B04}.Ad-Hoc|iPhone.Deploy.0 = Release|x86
		{FFB334F3-E454-455B-A3E6-F5B545799B04}.Ad-Hoc|iPhoneSimulator.ActiveCfg = Release|x86
		{FFB334F3-E454-455B-A3E6-F5B545799B04}.Ad-Hoc|iPhoneSimulator.Build.0 = Release|x86
		{FFB334F3-E454-455B-A3E6-F5B545799B04}.Ad-Hoc|iPhoneSimulator.Deploy.0 = Release|x86
		{FFB334F3-E454-455B-A3E6-F5B545799B04}.Ad-Hoc|x64.ActiveCfg = Release|x64
		{FFB334F3-E454-455B-A3E6-F5B545799B04}.Ad-Hoc|x64.Build.0 = Release|x64
		{FFB334F3-E454-455B-A3E6-F5B545799B04}.Ad-Hoc|x64.Deploy.0 = Release|x64
		{FFB334F3-E454-455B-A3E6-F5B545799B04}.Ad-Hoc|x86.ActiveCfg = Release|x86
		{FFB334F3-E454-455B-A3E6-F5B545799B04}.Ad-Hoc|x86.Build.0 = Release|x86
		{FFB334F3-E454-455B-A3E6-F5B545799B04}.Ad-Hoc|x86.Deploy.0 = Release|x86
		{FFB334F3-E454-455B-A3E6-F5B545799B04}.AppStore|Any CPU.ActiveCfg = Release|x86
		{FFB334F3-E454-455B-A3E6-F5B545799B04}.AppStore|Any CPU.Build.0 = Release|x86
		{FFB334F3-E454-455B-A3E6-F5B545799B04}.AppStore|Any CPU.Deploy.0 = Release|x86
		{FFB334F3-E454-455B-A3E6-F5B545799B04}.AppStore|ARM.ActiveCfg = Release|ARM
		{FFB334F3-E454-455B-A3E6-F5B545799B04}.AppStore|ARM.Build.0 = Release|ARM
		{FFB334F3-E454-455B-A3E6-F5B545799B04}.AppStore|ARM.Deploy.0 = Release|ARM
		{FFB334F3-E454-455B-A3E6-F5B545799B04}.AppStore|iPhone.ActiveCfg = Release|x86
		{FFB334F3-E454-455B-A3E6-F5B545799B04}.AppStore|iPhone.Build.0 = Release|x86
		{FFB334F3-E454-455B-A3E6-F5B545799B04}.AppStore|iPhone.Deploy.0 = Release|x86
		{FFB334F3-E454-455B-A3E6-F5B545799B04}.AppStore|iPhoneSimulator.ActiveCfg = Release|x86
		{FFB334F3-E454-455B-A3E6-F5B545799B04}.AppStore|iPhoneSimulator.Build.0 = Release|x86
		{FFB334F3-E454-455B-A3E6-F5B545799B04}.AppStore|iPhoneSimulator.Deploy.0 = Release|x86
		{FFB334F3-E454-455B-A3E6-F5B545799B04}.AppStore|x64.ActiveCfg = Release|x64
		{FFB334F3-E454-455B-A3E6-F5B545799B04}.AppStore|x64.Build.0 = Release|x64
		{FFB334F3-E454-455B-A3E6-F5B545799B04}.AppStore|x64.Deploy.0 = Release|x64
		{FFB334F3-E454-455B-A3E6-F5B545799B04}.AppStore|x86.ActiveCfg = Release|x86
		{FFB334F3-E454-455B-A3E6-F5B545799B04}.AppStore|x86.Build.0 = Release|x86
		{FFB334F3-E454-455B-A3E6-F5B545799B04}.AppStore|x86.Deploy.0 = Release|x86
		{FFB334F3-E454-455B-A3E6-F5B545799B04}.Debug|Any CPU.ActiveCfg = Debug|x86
		{FFB334F3-E454-455B-A3E6-F5B545799B04}.Debug|ARM.ActiveCfg = Debug|ARM
		{FFB334F3-E454-455B-A3E6-F5B545799B04}.Debug|ARM.Build.0 = Debug|ARM
		{FFB334F3-E454-455B-A3E6-F5B545799B04}.Debug|ARM.Deploy.0 = Debug|ARM
		{FFB334F3-E454-455B-A3E6-F5B545799B04}.Debug|iPhone.ActiveCfg = Debug|x86
		{FFB334F3-E454-455B-A3E6-F5B545799B04}.Debug|iPhoneSimulator.ActiveCfg = Debug|x86
		{FFB334F3-E454-455B-A3E6-F5B545799B04}.Debug|x64.ActiveCfg = Debug|x64
		{FFB334F3-E454-455B-A3E6-F5B545799B04}.Debug|x64.Build.0 = Debug|x64
		{FFB334F3-E454-455B-A3E6-F5B545799B04}.Debug|x64.Deploy.0 = Debug|x64
		{FFB334F3-E454-455B-A3E6-F5B545799B04}.Debug|x86.ActiveCfg = Debug|x86
		{FFB334F3-E454-455B-A3E6-F5B545799B04}.Debug|x86.Build.0 = Debug|x86
		{FFB334F3-E454-455B-A3E6-F5B545799B04}.Debug|x86.Deploy.0 = Debug|x86
		{FFB334F3-E454-455B-A3E6-F5B545799B04}.Release|Any CPU.ActiveCfg = Release|x86
		{FFB334F3-E454-455B-A3E6-F5B545799B04}.Release|ARM.ActiveCfg = Release|ARM
		{FFB334F3-E454-455B-A3E6-F5B545799B04}.Release|ARM.Build.0 = Release|ARM
		{FFB334F3-E454-455B-A3E6-F5B545799B04}.Release|ARM.Deploy.0 = Release|ARM
		{FFB334F3-E454-455B-A3E6-F5B545799B04}.Release|iPhone.ActiveCfg = Release|x86
		{FFB334F3-E454-455B-A3E6-F5B545799B04}.Release|iPhoneSimulator.ActiveCfg = Release|x86
		{FFB334F3-E454-455B-A3E6-F5B545799B04}.Release|x64.ActiveCfg = Release|x64
		{FFB334F3-E454-455B-A3E6-F5B545799B04}.Release|x64.Build.0 = Release|x64
		{FFB334F3-E454-455B-A3E6-F5B545799B04}.Release|x64.Deploy.0 = Release|x64
		{FFB334F3-E454-455B-A3E6-F5B545799B04}.Release|x86.ActiveCfg = Release|x86
		{FFB334F3-E454-455B-A3E6-F5B545799B04}.Release|x86.Build.0 = Release|x86
		{FFB334F3-E454-455B-A3E6-F5B545799B04}.Release|x86.Deploy.0 = Release|x86
		{35398B07-123C-4EEF-97F4-6C7754EB0913}.Ad-Hoc|Any CPU.ActiveCfg = Ad-Hoc|iPhone
		{35398B07-123C-4EEF-97F4-6C7754EB0913}.Ad-Hoc|ARM.ActiveCfg = Ad-Hoc|iPhone
		{35398B07-123C-4EEF-97F4-6C7754EB0913}.Ad-Hoc|iPhone.ActiveCfg = Ad-Hoc|iPhone
		{35398B07-123C-4EEF-97F4-6C7754EB0913}.Ad-Hoc|iPhone.Build.0 = Ad-Hoc|iPhone
		{35398B07-123C-4EEF-97F4-6C7754EB0913}.Ad-Hoc|iPhoneSimulator.ActiveCfg = Ad-Hoc|iPhoneSimulator
		{35398B07-123C-4EEF-97F4-6C7754EB0913}.Ad-Hoc|iPhoneSimulator.Build.0 = Ad-Hoc|iPhoneSimulator
		{35398B07-123C-4EEF-97F4-6C7754EB0913}.Ad-Hoc|x64.ActiveCfg = Ad-Hoc|iPhone
		{35398B07-123C-4EEF-97F4-6C7754EB0913}.Ad-Hoc|x86.ActiveCfg = Ad-Hoc|iPhone
		{35398B07-123C-4EEF-97F4-6C7754EB0913}.AppStore|Any CPU.ActiveCfg = AppStore|iPhone
		{35398B07-123C-4EEF-97F4-6C7754EB0913}.AppStore|ARM.ActiveCfg = AppStore|iPhone
		{35398B07-123C-4EEF-97F4-6C7754EB0913}.AppStore|iPhone.ActiveCfg = AppStore|iPhone
		{35398B07-123C-4EEF-97F4-6C7754EB0913}.AppStore|iPhone.Build.0 = AppStore|iPhone
		{35398B07-123C-4EEF-97F4-6C7754EB0913}.AppStore|iPhoneSimulator.ActiveCfg = AppStore|iPhoneSimulator
		{35398B07-123C-4EEF-97F4-6C7754EB0913}.AppStore|iPhoneSimulator.Build.0 = AppStore|iPhoneSimulator
		{35398B07-123C-4EEF-97F4-6C7754EB0913}.AppStore|x64.ActiveCfg = AppStore|iPhone
		{35398B07-123C-4EEF-97F4-6C7754EB0913}.AppStore|x86.ActiveCfg = AppStore|iPhone
		{35398B07-123C-4EEF-97F4-6C7754EB0913}.Debug|Any CPU.ActiveCfg = Debug|iPhone
		{35398B07-123C-4EEF-97F4-6C7754EB0913}.Debug|ARM.ActiveCfg = Debug|iPhone
		{35398B07-123C-4EEF-97F4-6C7754EB0913}.Debug|iPhone.ActiveCfg = Debug|iPhone
		{35398B07-123C-4EEF-97F4-6C7754EB0913}.Debug|iPhone.Build.0 = Debug|iPhone
		{35398B07-123C-4EEF-97F4-6C7754EB0913}.Debug|iPhoneSimulator.ActiveCfg = Debug|iPhoneSimulator
		{35398B07-123C-4EEF-97F4-6C7754EB0913}.Debug|iPhoneSimulator.Build.0 = Debug|iPhoneSimulator
		{35398B07-123C-4EEF-97F4-6C7754EB0913}.Debug|x64.ActiveCfg = Debug|iPhone
		{35398B07-123C-4EEF-97F4-6C7754EB0913}.Debug|x86.ActiveCfg = Debug|iPhone
		{35398B07-123C-4EEF-97F4-6C7754EB0913}.Release|Any CPU.ActiveCfg = Release|iPhone
		{35398B07-123C-4EEF-97F4-6C7754EB0913}.Release|ARM.ActiveCfg = Release|iPhone
		{35398B07-123C-4EEF-97F4-6C7754EB0913}.Release|iPhone.ActiveCfg = Release|iPhone
		{35398B07-123C-4EEF-97F4-6C7754EB0913}.Release|iPhone.Build.0 = Release|iPhone
		{35398B07-123C-4EEF-97F4-6C7754EB0913}.Release|iPhoneSimulator.ActiveCfg = Release|iPhoneSimulator
		{35398B07-123C-4EEF-97F4-6C7754EB0913}.Release|iPhoneSimulator.Build.0 = Release|iPhoneSimulator
		{35398B07-123C-4EEF-97F4-6C7754EB0913}.Release|x64.ActiveCfg = Release|iPhone
		{35398B07-123C-4EEF-97F4-6C7754EB0913}.Release|x86.ActiveCfg = Release|iPhone
	EndGlobalSection
	GlobalSection(SolutionProperties) = preSolution
		HideSolutionNode = FALSE
	EndGlobalSection
EndGlobal
